
Microsoft Visual Studio Solution File, Format Version 12.00
# Visual Studio Version 16
VisualStudioVersion = 16.0.29728.190
MinimumVisualStudioVersion = 10.0.40219.1
Project("{FAE04EC0-301F-11D3-BF4B-00C04F79EFBC}") = "FaktoriálisBigInteger", "FaktoriálisBigInteger.csproj", "{77B86BD9-C6F8-452B-9BD2-47DEB9A06C23}"
EndProject
Global
	GlobalSection(SolutionConfigurationPlatforms) = preSolution
		Debug|Any CPU = Debug|Any CPU
		Release|Any CPU = Release|Any CPU
	EndGlobalSection
	GlobalSection(ProjectConfigurationPlatforms) = postSolution
		{77B86BD9-C6F8-452B-9BD2-47DEB9A06C23}.Debug|Any CPU.ActiveCfg = Debug|Any CPU
		{77B86BD9-C6F8-452B-9BD2-47DEB9A06C23}.Debug|Any CPU.Build.0 = Debug|Any CPU
		{77B86BD9-C6F8-452B-9BD2-47DEB9A06C23}.Release|Any CPU.ActiveCfg = Release|Any CPU
		{77B86BD9-C6F8-452B-9BD2-47DEB9A06C23}.Release|Any CPU.Build.0 = Release|Any CPU
	EndGlobalSection
	GlobalSection(SolutionProperties) = preSolution
		HideSolutionNode = FALSE
	EndGlobalSection
	GlobalSection(ExtensibilityGlobals) = postSolution
		SolutionGuid = {079840D5-13C3-4972-8956-CBC6192733E6}
	EndGlobalSection
EndGlobal
